{
  "lockfile_version": "1",
  "packages": {
    "bundler@latest": {
      "last_modified": "2025-12-31T03:27:36Z",
      "resolved": "github:NixOS/nixpkgs/f665af0cdb70ed27e1bd8f9fdfecaf451260fc55#bundler",
      "source": "devbox-search",
      "version": "2.7.2",
      "systems": {
        "aarch64-darwin": {
          "outputs": [
            {
              "name": "out",
              "path": "/nix/store/azalhkrkrg2i0i3h941rg8m5yhs3axbf-bundler-2.7.2",
              "default": true
            }
          ],
          "store_path": "/nix/store/azalhkrkrg2i0i3h941rg8m5yhs3axbf-bundler-2.7.2"
        },
        "aarch64-linux": {
          "outputs": [
            {
              "name": "out",
              "path": "/nix/store/5r1lckpldcjisjz6w401hscz7fi9kn0h-bundler-2.7.2",
              "default": true
            }
          ],
          "store_path": "/nix/store/5r1lckpldcjisjz6w401hscz7fi9kn0h-bundler-2.7.2"
        },
        "x86_64-darwin": {
          "outputs": [
            {
              "name": "out",
              "path": "/nix/store/zwd39x1r4jryzym5wxkc09gxs38igdkd-bundler-2.7.2",
              "default": true
            }
          ],
          "store_path": "/nix/store/zwd39x1r4jryzym5wxkc09gxs38igdkd-bundler-2.7.2"
        },
        "x86_64-linux": {
          "outputs": [
            {
              "name": "out",
              "path": "/nix/store/i2zq1j4mnfsgagv63a8zm4ng2vbkhvhf-bundler-2.7.2",
              "default": true
            }
          ],
          "store_path": "/nix/store/i2zq1j4mnfsgagv63a8zm4ng2vbkhvhf-bundler-2.7.2"
        }
      }
    },
    "github:NixOS/nixpkgs/nixpkgs-unstable": {
      "last_modified": "2026-01-02T14:39:32Z",
      "resolved": "github:NixOS/nixpkgs/16c7794d0a28b5a37904d55bcca36003b9109aaa?lastModified=1767364772"
    },
    "libyaml@latest": {
      "last_modified": "2025-12-31T03:27:36Z",
      "resolved": "github:NixOS/nixpkgs/f665af0cdb70ed27e1bd8f9fdfecaf451260fc55#libyaml",
      "source": "devbox-search",
      "version": "0.2.5",
      "systems": {
        "aarch64-darwin": {
          "outputs": [
            {
              "name": "out",
              "path": "/nix/store/p5g9y0fwkdf9xjzfszgcm20rrwryxiq9-libyaml-0.2.5",
              "default": true
            },
            {
              "name": "dev",
              "path": "/nix/store/7n0q68q8376b580541l08igzj93y7fp2-libyaml-0.2.5-dev"
            }
          ],
          "store_path": "/nix/store/p5g9y0fwkdf9xjzfszgcm20rrwryxiq9-libyaml-0.2.5"
        },
        "aarch64-linux": {
          "outputs": [
            {
              "name": "out",
              "path": "/nix/store/cc4g0vs12zcczhj33kfbsz1db4lf67bk-libyaml-0.2.5",
              "default": true
            },
            {
              "name": "dev",
              "path": "/nix/store/inx8kann422k28pnwd16w7fg6bf9q7hz-libyaml-0.2.5-dev"
            }
          ],
          "store_path": "/nix/store/cc4g0vs12zcczhj33kfbsz1db4lf67bk-libyaml-0.2.5"
        },
        "x86_64-darwin": {
          "outputs": [
            {
              "name": "out",
              "path": "/nix/store/2jg44iph07nwlzjhda7jw3wl4fb8h8la-libyaml-0.2.5",
              "default": true
            },
            {
              "name": "dev",
              "path": "/nix/store/h5mjrhzj1da52z0hshdrw6di5c8h6bk4-libyaml-0.2.5-dev"
            }
          ],
          "store_path": "/nix/store/2jg44iph07nwlzjhda7jw3wl4fb8h8la-libyaml-0.2.5"
        },
        "x86_64-linux": {
          "outputs": [
            {
              "name": "out",
              "path": "/nix/store/f0ydndg4x7zpvm3dynhxr7wam5viyi2y-libyaml-0.2.5",
              "default": true
            },
            {
              "name": "dev",
              "path": "/nix/store/pi71irdw0lli7343fgg7gdf9nilba6xv-libyaml-0.2.5-dev"
            }
          ],
          "store_path": "/nix/store/f0ydndg4x7zpvm3dynhxr7wam5viyi2y-libyaml-0.2.5"
        }
      }
    },
    "nodejs@24": {
      "last_modified": "2025-12-27T12:56:01Z",
      "plugin_version": "0.0.2",
      "resolved": "github:NixOS/nixpkgs/3edc4a30ed3903fdf6f90c837f961fa6b49582d1#nodejs_24",
      "source": "devbox-search",
      "version": "24.12.0",
      "systems": {
        "aarch64-darwin": {
          "outputs": [
            {
              "name": "out",
              "path": "/nix/store/b1h0af3yb3z9jz048phclcqw6ihiww67-nodejs-24.12.0",
              "default": true
            },
            {
              "name": "dev",
              "path": "/nix/store/ksn4nj0nbp0ikmh4scy9x4biqqdswwhy-nodejs-24.12.0-dev"
            },
            {
              "name": "libv8",
              "path": "/nix/store/3x72bm7l30ib7l7cximrp0sklcq8jqwy-nodejs-24.12.0-libv8"
            }
          ],
          "store_path": "/nix/store/b1h0af3yb3z9jz048phclcqw6ihiww67-nodejs-24.12.0"
        },
        "aarch64-linux": {
          "outputs": [
            {
              "name": "out",
              "path": "/nix/store/9jfsyhcr9c6rpm94lrkibv75jkggvwss-nodejs-24.12.0",
              "default": true
            },
            {
              "name": "dev",
              "path": "/nix/store/7izhv9x1yvsmyrhmmyps6bxjjclajm80-nodejs-24.12.0-dev"
            },
            {
              "name": "libv8",
              "path": "/nix/store/8hl74pnc1qyz68rg10ixw7fz32hcxqkk-nodejs-24.12.0-libv8"
            }
          ],
          "store_path": "/nix/store/9jfsyhcr9c6rpm94lrkibv75jkggvwss-nodejs-24.12.0"
        },
        "x86_64-darwin": {
          "outputs": [
            {
              "name": "out",
              "path": "/nix/store/cj1243xswxvnwgifyiyg8axhn0r2vl48-nodejs-24.12.0",
              "default": true
            },
            {
              "name": "dev",
              "path": "/nix/store/kzia3rkaf9vwpn3py23q9v49jpjm6zx7-nodejs-24.12.0-dev"
            },
            {
              "name": "libv8",
              "path": "/nix/store/xszji81xj7ghjhz7jk0jkhb84nfwyd8f-nodejs-24.12.0-libv8"
            }
          ],
          "store_path": "/nix/store/cj1243xswxvnwgifyiyg8axhn0r2vl48-nodejs-24.12.0"
        },
        "x86_64-linux": {
          "outputs": [
            {
              "name": "out",
              "path": "/nix/store/9z1v3wyrxp6fpyzw21lcakd5w7aknzyc-nodejs-24.12.0",
              "default": true
            },
            {
              "name": "libv8",
              "path": "/nix/store/5yvx909wlis13qd2y1ahwl7ij21ma69a-nodejs-24.12.0-libv8"
            },
            {
              "name": "dev",
              "path": "/nix/store/7ll99p08gmpg0n048669p80zjibl5akr-nodejs-24.12.0-dev"
            }
          ],
          "store_path": "/nix/store/9z1v3wyrxp6fpyzw21lcakd5w7aknzyc-nodejs-24.12.0"
        }
      }
    },
    "pkg-config@latest": {
      "last_modified": "2025-11-23T21:50:36Z",
      "resolved": "github:NixOS/nixpkgs/ee09932cedcef15aaf476f9343d1dea2cb77e261#pkg-config",
      "source": "devbox-search",
      "version": "0.29.2",
      "systems": {
        "aarch64-darwin": {
          "outputs": [
            {
              "name": "out",
              "path": "/nix/store/hygaaqwk9ylklp0ybwppqhw75nz8ya41-pkg-config-wrapper-0.29.2",
              "default": true
            },
            {
              "name": "man",
              "path": "/nix/store/9px0sji43x3r2w4zxl3j3idwsql7lwxx-pkg-config-wrapper-0.29.2-man",
              "default": true
            },
            {
              "name": "doc",
              "path": "/nix/store/hqk44ra6qxw7iixardl6c3hdgb9kq6ns-pkg-config-wrapper-0.29.2-doc"
            }
          ],
          "store_path": "/nix/store/hygaaqwk9ylklp0ybwppqhw75nz8ya41-pkg-config-wrapper-0.29.2"
        },
        "aarch64-linux": {
          "outputs": [
            {
              "name": "out",
              "path": "/nix/store/lbiigi8qbp7mzf1lpr7p982l1kyf01ql-pkg-config-wrapper-0.29.2",
              "default": true
            },
            {
              "name": "man",
              "path": "/nix/store/10060k24qggqyzlwdsfmni9y32zxcg0j-pkg-config-wrapper-0.29.2-man",
              "default": true
            },
            {
              "name": "doc",
              "path": "/nix/store/0y4v51ndpyvkj09hwlfqkz0c3h17zfmc-pkg-config-wrapper-0.29.2-doc"
            }
          ],
          "store_path": "/nix/store/lbiigi8qbp7mzf1lpr7p982l1kyf01ql-pkg-config-wrapper-0.29.2"
        },
        "x86_64-darwin": {
          "outputs": [
            {
              "name": "out",
              "path": "/nix/store/vknadizq0q5kffvx6y4379p9gdry9zq3-pkg-config-wrapper-0.29.2",
              "default": true
            },
            {
              "name": "man",
              "path": "/nix/store/1nyspra675q22gfhf7hn2nmfpi6rgim5-pkg-config-wrapper-0.29.2-man",
              "default": true
            },
            {
              "name": "doc",
              "path": "/nix/store/7lq1axxwrafwljs06n88bzyz9w523rkc-pkg-config-wrapper-0.29.2-doc"
            }
          ],
          "store_path": "/nix/store/vknadizq0q5kffvx6y4379p9gdry9zq3-pkg-config-wrapper-0.29.2"
        },
        "x86_64-linux": {
          "outputs": [
            {
              "name": "out",
              "path": "/nix/store/8vdiwpbh0g4avsd6x5v4s0di32vcl3dp-pkg-config-wrapper-0.29.2",
              "default": true
            },
            {
              "name": "man",
              "path": "/nix/store/j9xfpnrygg3v37svc5pfin9q5bm49r94-pkg-config-wrapper-0.29.2-man",
              "default": true
            },
            {
              "name": "doc",
              "path": "/nix/store/x3bypxdxaq20kykybhkf21x4jczsiy8y-pkg-config-wrapper-0.29.2-doc"
            }
          ],
          "store_path": "/nix/store/8vdiwpbh0g4avsd6x5v4s0di32vcl3dp-pkg-config-wrapper-0.29.2"
        }
      }
    },
    "postgresql@17": {
      "last_modified": "2026-01-02T14:39:32Z",
      "plugin_version": "0.0.2",
      "resolved": "github:NixOS/nixpkgs/16c7794d0a28b5a37904d55bcca36003b9109aaa#postgresql",
      "source": "devbox-search",
      "version": "17.7",
      "systems": {
        "aarch64-darwin": {
          "outputs": [
            {
              "name": "out",
              "path": "/nix/store/8dqr0i6k6r2cjfgd2r5jyaihbdicqb9c-postgresql-17.7",
              "default": true
            },
            {
              "name": "man",
              "path": "/nix/store/s2gh48ry0g2a7hirrz942vimrpbqyl55-postgresql-17.7-man",
              "default": true
            },
            {
              "name": "pltcl",
              "path": "/nix/store/42zznqzjy6gx8j9h1w6hgcb7p87zw0ia-postgresql-17.7-pltcl"
            },
            {
              "name": "dev",
              "path": "/nix/store/8kg783mqr60dmyw35anha0d6zlib7lwz-postgresql-17.7-dev"
            },
            {
              "name": "doc",
              "path": "/nix/store/xlwzzw07nq8pa1jc8wmhpbxrwa007rni-postgresql-17.7-doc"
            },
            {
              "name": "lib",
              "path": "/nix/store/m23h5shn5pyaqyrsy2i9k8y0avq3q7fk-postgresql-17.7-lib"
            },
            {
              "name": "jit",
              "path": "/nix/store/kh8iw4ca7ih8r94jyl6znd8wav2qi4dx-postgresql-17.7-jit"
            },
            {
              "name": "plperl",
              "path": "/nix/store/6lg8fkwvrd17jbcb2l8l7j48s5xc2y99-postgresql-17.7-plperl"
            },
            {
              "name": "plpython3",
              "path": "/nix/store/akkb0xddh9x3mvx171x6q15llbq9vvn2-postgresql-17.7-plpython3"
            }
          ],
          "store_path": "/nix/store/8dqr0i6k6r2cjfgd2r5jyaihbdicqb9c-postgresql-17.7"
        },
        "aarch64-linux": {
          "outputs": [
            {
              "name": "out",
              "path": "/nix/store/r3cq6ifd8dndaz2a2c97y4pyv9amdwlb-postgresql-17.7",
              "default": true
            },
            {
              "name": "man",
              "path": "/nix/store/93w6fqzxm18brzwi094zyxf1hgjk3szw-postgresql-17.7-man",
              "default": true
            },
            {
              "name": "plperl",
              "path": "/nix/store/8f5z95sc7hbd59k083fr5xz5rzasbdjx-postgresql-17.7-plperl"
            },
            {
              "name": "debug",
              "path": "/nix/store/4rzzps7glgm5572iw0braakyn63776am-postgresql-17.7-debug"
            },
            {
              "name": "dev",
              "path": "/nix/store/3a498ahpaznkmjimk8kdl5hmhjb7z244-postgresql-17.7-dev"
            },
            {
              "name": "doc",
              "path": "/nix/store/gwbd5flzj0zbknf4sp18brrnmqaam97z-postgresql-17.7-doc"
            },
            {
              "name": "jit",
              "path": "/nix/store/b4dg21h7i76kcicqllfp1n4ql4fifgs1-postgresql-17.7-jit"
            },
            {
              "name": "lib",
              "path": "/nix/store/hysdhdjqsc85k4bw4j5hccl9n98pqrbb-postgresql-17.7-lib"
            },
            {
              "name": "plpython3",
              "path": "/nix/store/r7y5jg6y5w9sqj51i8q7zmajy57981hp-postgresql-17.7-plpython3"
            },
            {
              "name": "pltcl",
              "path": "/nix/store/v0ggcg3g5n2vcfdidby54i3866kdc7h0-postgresql-17.7-pltcl"
            }
          ],
          "store_path": "/nix/store/r3cq6ifd8dndaz2a2c97y4pyv9amdwlb-postgresql-17.7"
        },
        "x86_64-darwin": {
          "outputs": [
            {
              "name": "out",
              "path": "/nix/store/knah3fbhsvy10k6vmq5h10rs8zq5fkq0-postgresql-17.7",
              "default": true
            },
            {
              "name": "man",
              "path": "/nix/store/a7n49b2xgpazzkxazbbz5azbcgqwc5c1-postgresql-17.7-man",
              "default": true
            },
            {
              "name": "plperl",
              "path": "/nix/store/sih8xbyl6i42zh5xavs0hnazpvx6wkgc-postgresql-17.7-plperl"
            },
            {
              "name": "pltcl",
              "path": "/nix/store/1p37i9g824zl3kva154jdjngxrrbhh09-postgresql-17.7-pltcl"
            },
            {
              "name": "plpython3",
              "path": "/nix/store/vza2y572p75laww7idjg1bcnc8k7k15z-postgresql-17.7-plpython3"
            },
            {
              "name": "dev",
              "path": "/nix/store/x9n4zsrf6w58q5nv4dn1k0sdfh7ij0m1-postgresql-17.7-dev"
            },
            {
              "name": "doc",
              "path": "/nix/store/xb6273jkz7z53f5jslp3r05hhk9im7hd-postgresql-17.7-doc"
            },
            {
              "name": "jit",
              "path": "/nix/store/88qzagg7g7ml1hanjfbzy7izgg9jn6ms-postgresql-17.7-jit"
            },
            {
              "name": "lib",
              "path": "/nix/store/zskadb0lrlr10lvz3km5qix08s5gd6rh-postgresql-17.7-lib"
            }
          ],
          "store_path": "/nix/store/knah3fbhsvy10k6vmq5h10rs8zq5fkq0-postgresql-17.7"
        },
        "x86_64-linux": {
          "outputs": [
            {
              "name": "out",
              "path": "/nix/store/n3aadx4a3200n06gsgy8j3sy7s94yi6y-postgresql-17.7",
              "default": true
            },
            {
              "name": "man",
              "path": "/nix/store/ccmlcmir2hg0fvhbw0pkkxy4filijk72-postgresql-17.7-man",
              "default": true
            },
            {
              "name": "dev",
              "path": "/nix/store/g6c7nb4db5g2ili287v4878cxbfj8y3b-postgresql-17.7-dev"
            },
            {
              "name": "doc",
              "path": "/nix/store/ijq8h2qr148yf1lw26804h1iwgkfxldy-postgresql-17.7-doc"
            },
            {
              "name": "jit",
              "path": "/nix/store/9hsb8rxdgvq8rsxm4nwqbr78j6aqmxnb-postgresql-17.7-jit"
            },
            {
              "name": "lib",
              "path": "/nix/store/yxxxv1a4v1y80mqv68fsa2z0h62h16n7-postgresql-17.7-lib"
            },
            {
              "name": "debug",
              "path": "/nix/store/87vkh12z8jzqppbf6sv20jbqbjw2lzdb-postgresql-17.7-debug"
            },
            {
              "name": "plperl",
              "path": "/nix/store/gfs1k03967qqwa07vb4nngvngfa8c98b-postgresql-17.7-plperl"
            },
            {
              "name": "plpython3",
              "path": "/nix/store/y6cmkd3fd2cqkf2nammdjbisargqf4s1-postgresql-17.7-plpython3"
            },
            {
              "name": "pltcl",
              "path": "/nix/store/mg08fawdfkjb5hpbs0wp1wjnl3v41gkd-postgresql-17.7-pltcl"
            }
          ],
          "store_path": "/nix/store/n3aadx4a3200n06gsgy8j3sy7s94yi6y-postgresql-17.7"
        }
      }
    },
    "ruby@3.4": {
      "last_modified": "2025-12-31T03:27:36Z",
      "plugin_version": "0.0.2",
      "resolved": "github:NixOS/nixpkgs/f665af0cdb70ed27e1bd8f9fdfecaf451260fc55#ruby_3_4",
      "source": "devbox-search",
      "version": "3.4.8",
      "systems": {
        "aarch64-darwin": {
          "outputs": [
            {
              "name": "out",
              "path": "/nix/store/wsrnc2byfbi6b7f7igfbpx0l2jbyvdy1-ruby-3.4.8",
              "default": true
            },
            {
              "name": "devdoc",
              "path": "/nix/store/a5ds44bp505kvymhb3kqxlb3cpvmwp2w-ruby-3.4.8-devdoc"
            }
          ],
          "store_path": "/nix/store/wsrnc2byfbi6b7f7igfbpx0l2jbyvdy1-ruby-3.4.8"
        },
        "aarch64-linux": {
          "outputs": [
            {
              "name": "out",
              "path": "/nix/store/azxi2hf2y7yi0pizsanrw2cmh9drhhi3-ruby-3.4.8",
              "default": true
            },
            {
              "name": "devdoc",
              "path": "/nix/store/3l7fhhpshf5hdjnrbpap3y6q0zk98nc8-ruby-3.4.8-devdoc"
            }
          ],
          "store_path": "/nix/store/azxi2hf2y7yi0pizsanrw2cmh9drhhi3-ruby-3.4.8"
        },
        "x86_64-darwin": {
          "outputs": [
            {
              "name": "out",
              "path": "/nix/store/gyksddsdp5zclz5axhaivl75caqs7m37-ruby-3.4.8",
              "default": true
            },
            {
              "name": "devdoc",
              "path": "/nix/store/mc8iqwws2y02cfz9ic5vk577vm2znh30-ruby-3.4.8-devdoc"
            }
          ],
          "store_path": "/nix/store/gyksddsdp5zclz5axhaivl75caqs7m37-ruby-3.4.8"
        },
        "x86_64-linux": {
          "outputs": [
            {
              "name": "out",
              "path": "/nix/store/1861cbsysxfwvg5lbdp61al76dqlw9ih-ruby-3.4.8",
              "default": true
            },
            {
              "name": "devdoc",
              "path": "/nix/store/7h1x2pcpc05h8a0z6qfcyc0pg4da2kqy-ruby-3.4.8-devdoc"
            }
          ],
          "store_path": "/nix/store/1861cbsysxfwvg5lbdp61al76dqlw9ih-ruby-3.4.8"
        }
      }
    },
    "yarn@latest": {
      "last_modified": "2025-12-31T03:27:36Z",
      "resolved": "github:NixOS/nixpkgs/f665af0cdb70ed27e1bd8f9fdfecaf451260fc55#yarn",
      "source": "devbox-search",
      "version": "1.22.22",
      "systems": {
        "aarch64-darwin": {
          "outputs": [
            {
              "name": "out",
              "path": "/nix/store/g8sqjcmqcn892nni09gyz5jj51y93vi3-yarn-1.22.22",
              "default": true
            }
          ],
          "store_path": "/nix/store/g8sqjcmqcn892nni09gyz5jj51y93vi3-yarn-1.22.22"
        },
        "aarch64-linux": {
          "outputs": [
            {
              "name": "out",
              "path": "/nix/store/ng4vfrv8655rl3nkybgbxccxlxknhczq-yarn-1.22.22",
              "default": true
            }
          ],
          "store_path": "/nix/store/ng4vfrv8655rl3nkybgbxccxlxknhczq-yarn-1.22.22"
        },
        "x86_64-darwin": {
          "outputs": [
            {
              "name": "out",
              "path": "/nix/store/027y3x21gbbpyi1qhjmdb6mkfdq9kw7n-yarn-1.22.22",
              "default": true
            }
          ],
          "store_path": "/nix/store/027y3x21gbbpyi1qhjmdb6mkfdq9kw7n-yarn-1.22.22"
        },
        "x86_64-linux": {
          "outputs": [
            {
              "name": "out",
              "path": "/nix/store/23078nfww258q1vjxbmyak0svvxcvj4s-yarn-1.22.22",
              "default": true
            }
          ],
          "store_path": "/nix/store/23078nfww258q1vjxbmyak0svvxcvj4s-yarn-1.22.22"
        }
      }
    }
  }
}
